
Microsoft Visual Studio Solution File, Format Version 12.00
# Visual Studio Version 17
VisualStudioVersion = 17.14.36401.2 d17.14
MinimumVisualStudioVersion = 10.0.40219.1
Project("{FAE04EC0-301F-11D3-BF4B-00C04F79EFBC}") = "Wplace Palette Converter", "Wplace Palette Converter\Wplace Palette Converter.csproj", "{EA1C5851-67D6-424C-8907-C1796117672D}"
EndProject
Global
	GlobalSection(SolutionConfigurationPlatforms) = preSolution
		Debug|Any CPU = Debug|Any CPU
		Release|Any CPU = Release|Any CPU
	EndGlobalSection
	GlobalSection(ProjectConfigurationPlatforms) = postSolution
		{EA1C5851-67D6-424C-8907-C1796117672D}.Debug|Any CPU.ActiveCfg = Debug|Any CPU
		{EA1C5851-67D6-424C-8907-C1796117672D}.Debug|Any CPU.Build.0 = Debug|Any CPU
		{EA1C5851-67D6-424C-8907-C1796117672D}.Release|Any CPU.ActiveCfg = Release|Any CPU
		{EA1C5851-67D6-424C-8907-C1796117672D}.Release|Any CPU.Build.0 = Release|Any CPU
	EndGlobalSection
	GlobalSection(SolutionProperties) = preSolution
		HideSolutionNode = FALSE
	EndGlobalSection
	GlobalSection(ExtensibilityGlobals) = postSolution
		SolutionGuid = {0835509A-2EBD-4655-98DA-247CFA365B20}
	EndGlobalSection
EndGlobal
